
Microsoft Visual Studio Solution File, Format Version 12.00
# Visual Studio Version 17
VisualStudioVersion = 17.12.35506.116
MinimumVisualStudioVersion = 10.0.40219.1
Project("{FAE04EC0-301F-11D3-BF4B-00C04F79EFBC}") = "AdventOfCode1", "AdventOfCode1\AdventOfCode1.csproj", "{17F0F1A0-2E9F-48BB-8961-4BC75C28BF94}"
EndProject
Project("{FAE04EC0-301F-11D3-BF4B-00C04F79EFBC}") = "AdventOfCode2", "AdventOfCode2\AdventOfCode2.csproj", "{C7EE1267-95F6-45AE-A87D-3D750D6C060B}"
EndProject
Project("{FAE04EC0-301F-11D3-BF4B-00C04F79EFBC}") = "AdventOfCode3", "AdventOfCode3\AdventOfCode3.csproj", "{036D2B33-2174-4C5C-BC4C-58F814356ED1}"
EndProject
Project("{FAE04EC0-301F-11D3-BF4B-00C04F79EFBC}") = "AdventOfCode4", "AdventOfCode4\AdventOfCode4.csproj", "{4CEC994B-A209-4D11-9FE6-CF01B8E831F3}"
EndProject
Project("{FAE04EC0-301F-11D3-BF4B-00C04F79EFBC}") = "AdventOfCode5", "AdventOfCode5\AdventOfCode5.csproj", "{3F27404F-48A0-414E-B88D-366FBE15CCC4}"
EndProject
Project("{FAE04EC0-301F-11D3-BF4B-00C04F79EFBC}") = "AdventOfCode6", "AdventOfCode6\AdventOfCode6.csproj", "{80782D79-E3EE-4CE8-8FCC-7583C1A6ABBF}"
EndProject
Project("{FAE04EC0-301F-11D3-BF4B-00C04F79EFBC}") = "AdventOfCode7", "AdventOfCode7\AdventOfCode7.csproj", "{958C8298-7CB3-47C0-A1E6-866A8E434FFF}"
EndProject
Project("{FAE04EC0-301F-11D3-BF4B-00C04F79EFBC}") = "AdventOfCode8", "AdventOfCode8\AdventOfCode8.csproj", "{FE73CD9B-7368-4072-BC5D-2C1CA1A80D15}"
EndProject
Project("{FAE04EC0-301F-11D3-BF4B-00C04F79EFBC}") = "AdventOfCode9", "AdventOfCode9\AdventOfCode9.csproj", "{29433453-97BF-4448-9F02-09B8C1040FDF}"
EndProject
Project("{FAE04EC0-301F-11D3-BF4B-00C04F79EFBC}") = "AdventOfCode10", "AdventOfCode10\AdventOfCode10.csproj", "{DE491C34-BF46-474C-BFF0-8E307DBBE331}"
EndProject
Project("{FAE04EC0-301F-11D3-BF4B-00C04F79EFBC}") = "Common", "Common\Common.csproj", "{3FD2E888-5012-470D-B842-5E98E3A21799}"
EndProject
Global
	GlobalSection(SolutionConfigurationPlatforms) = preSolution
		Debug|Any CPU = Debug|Any CPU
		Release|Any CPU = Release|Any CPU
	EndGlobalSection
	GlobalSection(ProjectConfigurationPlatforms) = postSolution
		{17F0F1A0-2E9F-48BB-8961-4BC75C28BF94}.Debug|Any CPU.ActiveCfg = Debug|Any CPU
		{17F0F1A0-2E9F-48BB-8961-4BC75C28BF94}.Debug|Any CPU.Build.0 = Debug|Any CPU
		{17F0F1A0-2E9F-48BB-8961-4BC75C28BF94}.Release|Any CPU.ActiveCfg = Release|Any CPU
		{17F0F1A0-2E9F-48BB-8961-4BC75C28BF94}.Release|Any CPU.Build.0 = Release|Any CPU
		{C7EE1267-95F6-45AE-A87D-3D750D6C060B}.Debug|Any CPU.ActiveCfg = Debug|Any CPU
		{C7EE1267-95F6-45AE-A87D-3D750D6C060B}.Debug|Any CPU.Build.0 = Debug|Any CPU
		{C7EE1267-95F6-45AE-A87D-3D750D6C060B}.Release|Any CPU.ActiveCfg = Release|Any CPU
		{C7EE1267-95F6-45AE-A87D-3D750D6C060B}.Release|Any CPU.Build.0 = Release|Any CPU
		{036D2B33-2174-4C5C-BC4C-58F814356ED1}.Debug|Any CPU.ActiveCfg = Debug|Any CPU
		{036D2B33-2174-4C5C-BC4C-58F814356ED1}.Debug|Any CPU.Build.0 = Debug|Any CPU
		{036D2B33-2174-4C5C-BC4C-58F814356ED1}.Release|Any CPU.ActiveCfg = Release|Any CPU
		{036D2B33-2174-4C5C-BC4C-58F814356ED1}.Release|Any CPU.Build.0 = Release|Any CPU
		{4CEC994B-A209-4D11-9FE6-CF01B8E831F3}.Debug|Any CPU.ActiveCfg = Debug|Any CPU
		{4CEC994B-A209-4D11-9FE6-CF01B8E831F3}.Debug|Any CPU.Build.0 = Debug|Any CPU
		{4CEC994B-A209-4D11-9FE6-CF01B8E831F3}.Release|Any CPU.ActiveCfg = Release|Any CPU
		{4CEC994B-A209-4D11-9FE6-CF01B8E831F3}.Release|Any CPU.Build.0 = Release|Any CPU
		{3F27404F-48A0-414E-B88D-366FBE15CCC4}.Debug|Any CPU.ActiveCfg = Debug|Any CPU
		{3F27404F-48A0-414E-B88D-366FBE15CCC4}.Debug|Any CPU.Build.0 = Debug|Any CPU
		{3F27404F-48A0-414E-B88D-366FBE15CCC4}.Release|Any CPU.ActiveCfg = Release|Any CPU
		{3F27404F-48A0-414E-B88D-366FBE15CCC4}.Release|Any CPU.Build.0 = Release|Any CPU
		{80782D79-E3EE-4CE8-8FCC-7583C1A6ABBF}.Debug|Any CPU.ActiveCfg = Debug|Any CPU
		{80782D79-E3EE-4CE8-8FCC-7583C1A6ABBF}.Debug|Any CPU.Build.0 = Debug|Any CPU
		{80782D79-E3EE-4CE8-8FCC-7583C1A6ABBF}.Release|Any CPU.ActiveCfg = Release|Any CPU
		{80782D79-E3EE-4CE8-8FCC-7583C1A6ABBF}.Release|Any CPU.Build.0 = Release|Any CPU
		{958C8298-7CB3-47C0-A1E6-866A8E434FFF}.Debug|Any CPU.ActiveCfg = Debug|Any CPU
		{958C8298-7CB3-47C0-A1E6-866A8E434FFF}.Debug|Any CPU.Build.0 = Debug|Any CPU
		{958C8298-7CB3-47C0-A1E6-866A8E434FFF}.Release|Any CPU.ActiveCfg = Release|Any CPU
		{958C8298-7CB3-47C0-A1E6-866A8E434FFF}.Release|Any CPU.Build.0 = Release|Any CPU
		{FE73CD9B-7368-4072-BC5D-2C1CA1A80D15}.Debug|Any CPU.ActiveCfg = Debug|Any CPU
		{FE73CD9B-7368-4072-BC5D-2C1CA1A80D15}.Debug|Any CPU.Build.0 = Debug|Any CPU
		{FE73CD9B-7368-4072-BC5D-2C1CA1A80D15}.Release|Any CPU.ActiveCfg = Release|Any CPU
		{FE73CD9B-7368-4072-BC5D-2C1CA1A80D15}.Release|Any CPU.Build.0 = Release|Any CPU
		{29433453-97BF-4448-9F02-09B8C1040FDF}.Debug|Any CPU.ActiveCfg = Debug|Any CPU
		{29433453-97BF-4448-9F02-09B8C1040FDF}.Debug|Any CPU.Build.0 = Debug|Any CPU
		{29433453-97BF-4448-9F02-09B8C1040FDF}.Release|Any CPU.ActiveCfg = Release|Any CPU
		{29433453-97BF-4448-9F02-09B8C1040FDF}.Release|Any CPU.Build.0 = Release|Any CPU
		{DE491C34-BF46-474C-BFF0-8E307DBBE331}.Debug|Any CPU.ActiveCfg = Debug|Any CPU
		{DE491C34-BF46-474C-BFF0-8E307DBBE331}.Debug|Any CPU.Build.0 = Debug|Any CPU
		{DE491C34-BF46-474C-BFF0-8E307DBBE331}.Release|Any CPU.ActiveCfg = Release|Any CPU
		{DE491C34-BF46-474C-BFF0-8E307DBBE331}.Release|Any CPU.Build.0 = Release|Any CPU
		{3FD2E888-5012-470D-B842-5E98E3A21799}.Debug|Any CPU.ActiveCfg = Debug|Any CPU
		{3FD2E888-5012-470D-B842-5E98E3A21799}.Debug|Any CPU.Build.0 = Debug|Any CPU
		{3FD2E888-5012-470D-B842-5E98E3A21799}.Release|Any CPU.ActiveCfg = Release|Any CPU
		{3FD2E888-5012-470D-B842-5E98E3A21799}.Release|Any CPU.Build.0 = Release|Any CPU
	EndGlobalSection
	GlobalSection(SolutionProperties) = preSolution
		HideSolutionNode = FALSE
	EndGlobalSection
EndGlobal
