
Microsoft Visual Studio Solution File, Format Version 12.00
# Visual Studio Version 17
VisualStudioVersion = 17.12.35506.116
MinimumVisualStudioVersion = 10.0.40219.1
Project("{FAE04EC0-301F-11D3-BF4B-00C04F79EFBC}") = "AdventOfCode1", "AdventOfCode1\AdventOfCode1.csproj", "{17F0F1A0-2E9F-48BB-8961-4BC75C28BF94}"
EndProject
Project("{FAE04EC0-301F-11D3-BF4B-00C04F79EFBC}") = "AdventOfCode2", "AdventOfCode2\AdventOfCode2.csproj", "{C7EE1267-95F6-45AE-A87D-3D750D6C060B}"
EndProject
Project("{FAE04EC0-301F-11D3-BF4B-00C04F79EFBC}") = "AdventOfCode3", "AdventOfCode3\AdventOfCode3.csproj", "{036D2B33-2174-4C5C-BC4C-58F814356ED1}"
EndProject
Project("{FAE04EC0-301F-11D3-BF4B-00C04F79EFBC}") = "AdventOfCode4", "AdventOfCode4\AdventOfCode4.csproj", "{4CEC994B-A209-4D11-9FE6-CF01B8E831F3}"
EndProject
Project("{FAE04EC0-301F-11D3-BF4B-00C04F79EFBC}") = "AdventOfCode5", "AdventOfCode5\AdventOfCode5.csproj", "{3F27404F-48A0-414E-B88D-366FBE15CCC4}"
EndProject
Global
	GlobalSection(SolutionConfigurationPlatforms) = preSolution
		Debug|Any CPU = Debug|Any CPU
		Release|Any CPU = Release|Any CPU
	EndGlobalSection
	GlobalSection(ProjectConfigurationPlatforms) = postSolution
		{17F0F1A0-2E9F-48BB-8961-4BC75C28BF94}.Debug|Any CPU.ActiveCfg = Debug|Any CPU
		{17F0F1A0-2E9F-48BB-8961-4BC75C28BF94}.Debug|Any CPU.Build.0 = Debug|Any CPU
		{17F0F1A0-2E9F-48BB-8961-4BC75C28BF94}.Release|Any CPU.ActiveCfg = Release|Any CPU
		{17F0F1A0-2E9F-48BB-8961-4BC75C28BF94}.Release|Any CPU.Build.0 = Release|Any CPU
		{C7EE1267-95F6-45AE-A87D-3D750D6C060B}.Debug|Any CPU.ActiveCfg = Debug|Any CPU
		{C7EE1267-95F6-45AE-A87D-3D750D6C060B}.Debug|Any CPU.Build.0 = Debug|Any CPU
		{C7EE1267-95F6-45AE-A87D-3D750D6C060B}.Release|Any CPU.ActiveCfg = Release|Any CPU
		{C7EE1267-95F6-45AE-A87D-3D750D6C060B}.Release|Any CPU.Build.0 = Release|Any CPU
		{036D2B33-2174-4C5C-BC4C-58F814356ED1}.Debug|Any CPU.ActiveCfg = Debug|Any CPU
		{036D2B33-2174-4C5C-BC4C-58F814356ED1}.Debug|Any CPU.Build.0 = Debug|Any CPU
		{036D2B33-2174-4C5C-BC4C-58F814356ED1}.Release|Any CPU.ActiveCfg = Release|Any CPU
		{036D2B33-2174-4C5C-BC4C-58F814356ED1}.Release|Any CPU.Build.0 = Release|Any CPU
		{4CEC994B-A209-4D11-9FE6-CF01B8E831F3}.Debug|Any CPU.ActiveCfg = Debug|Any CPU
		{4CEC994B-A209-4D11-9FE6-CF01B8E831F3}.Debug|Any CPU.Build.0 = Debug|Any CPU
		{4CEC994B-A209-4D11-9FE6-CF01B8E831F3}.Release|Any CPU.ActiveCfg = Release|Any CPU
		{4CEC994B-A209-4D11-9FE6-CF01B8E831F3}.Release|Any CPU.Build.0 = Release|Any CPU
		{3F27404F-48A0-414E-B88D-366FBE15CCC4}.Debug|Any CPU.ActiveCfg = Debug|Any CPU
		{3F27404F-48A0-414E-B88D-366FBE15CCC4}.Debug|Any CPU.Build.0 = Debug|Any CPU
		{3F27404F-48A0-414E-B88D-366FBE15CCC4}.Release|Any CPU.ActiveCfg = Release|Any CPU
		{3F27404F-48A0-414E-B88D-366FBE15CCC4}.Release|Any CPU.Build.0 = Release|Any CPU
	EndGlobalSection
	GlobalSection(SolutionProperties) = preSolution
		HideSolutionNode = FALSE
	EndGlobalSection
EndGlobal
